// !$*UTF8*$!
{
	archiveVersion = 1;
	classes = {
	};
	objectVersion = 77;
	objects = {

/* Begin PBXBuildFile section */
		0C2CEA642E1E973C005357AD /* Factory in Frameworks */ = {isa = PBXBuildFile; productRef = 0C2CEA632E1E973C005357AD /* Factory */; };
/* End PBXBuildFile section */

/* Begin PBXContainerItemProxy section */
		0C8C51EC2E1807BC00E14BC6 /* PBXContainerItemProxy */ = {
			isa = PBXContainerItemProxy;
			containerPortal = 0C8C51D32E1807BA00E14BC6 /* Project object */;
			proxyType = 1;
			remoteGlobalIDString = 0C8C51DA2E1807BA00E14BC6;
			remoteInfo = GeminiForMac;
		};
		0C8C51F62E1807BC00E14BC6 /* PBXContainerItemProxy */ = {
			isa = PBXContainerItemProxy;
			containerPortal = 0C8C51D32E1807BA00E14BC6 /* Project object */;
			proxyType = 1;
			remoteGlobalIDString = 0C8C51DA2E1807BA00E14BC6;
			remoteInfo = GeminiForMac;
		};
/* End PBXContainerItemProxy section */

/* Begin PBXFileReference section */
		0C8C51DB2E1807BA00E14BC6 /* GeminiForMac.app */ = {isa = PBXFileReference; explicitFileType = wrapper.application; includeInIndex = 0; path = GeminiForMac.app; sourceTree = BUILT_PRODUCTS_DIR; };
		0C8C51EB2E1807BC00E14BC6 /* GeminiForMacTests.xctest */ = {isa = PBXFileReference; explicitFileType = wrapper.cfbundle; includeInIndex = 0; path = GeminiForMacTests.xctest; sourceTree = BUILT_PRODUCTS_DIR; };
		0C8C51F52E1807BC00E14BC6 /* GeminiForMacUITests.xctest */ = {isa = PBXFileReference; explicitFileType = wrapper.cfbundle; includeInIndex = 0; path = GeminiForMacUITests.xctest; sourceTree = BUILT_PRODUCTS_DIR; };
/* End PBXFileReference section */

/* Begin PBXFileSystemSynchronizedRootGroup section */
		0C8C51DD2E1807BA00E14BC6 /* GeminiForMac */ = {
			isa = PBXFileSystemSynchronizedRootGroup;
			path = GeminiForMac;
			sourceTree = "<group>";
		};
		0C8C51EE2E1807BC00E14BC6 /* GeminiForMacTests */ = {
			isa = PBXFileSystemSynchronizedRootGroup;
			path = GeminiForMacTests;
			sourceTree = "<group>";
		};
		0C8C51F82E1807BC00E14BC6 /* GeminiForMacUITests */ = {
			isa = PBXFileSystemSynchronizedRootGroup;
			path = GeminiForMacUITests;
			sourceTree = "<group>";
		};
/* End PBXFileSystemSynchronizedRootGroup section */

/* Begin PBXFrameworksBuildPhase section */
		0C8C51D82E1807BA00E14BC6 /* Frameworks */ = {
			isa = PBXFrameworksBuildPhase;
			buildActionMask = 2147483647;
			files = (
				0C2CEA642E1E973C005357AD /* Factory in Frameworks */,
			);
			runOnlyForDeploymentPostprocessing = 0;
		};
		0C8C51E82E1807BC00E14BC6 /* Frameworks */ = {
			isa = PBXFrameworksBuildPhase;
			buildActionMask = 2147483647;
			files = (
			);
			runOnlyForDeploymentPostprocessing = 0;
		};
		0C8C51F22E1807BC00E14BC6 /* Frameworks */ = {
			isa = PBXFrameworksBuildPhase;
			buildActionMask = 2147483647;
			files = (
			);
			runOnlyForDeploymentPostprocessing = 0;
		};
/* End PBXFrameworksBuildPhase section */

/* Begin PBXGroup section */
		0C8C51D22E1807BA00E14BC6 = {
			isa = PBXGroup;
			children = (
				0C8C51DD2E1807BA00E14BC6 /* GeminiForMac */,
				0C8C51EE2E1807BC00E14BC6 /* GeminiForMacTests */,
				0C8C51F82E1807BC00E14BC6 /* GeminiForMacUITests */,
				0C8C51DC2E1807BA00E14BC6 /* Products */,
			);
			sourceTree = "<group>";
		};
		0C8C51DC2E1807BA00E14BC6 /* Products */ = {
			isa = PBXGroup;
			children = (
				0C8C51DB2E1807BA00E14BC6 /* GeminiForMac.app */,
				0C8C51EB2E1807BC00E14BC6 /* GeminiForMacTests.xctest */,
				0C8C51F52E1807BC00E14BC6 /* GeminiForMacUITests.xctest */,
			);
			name = Products;
			sourceTree = "<group>";
		};
/* End PBXGroup section */

/* Begin PBXNativeTarget section */
		0C8C51DA2E1807BA00E14BC6 /* GeminiForMac */ = {
			isa = PBXNativeTarget;
			buildConfigurationList = 0C8C51FF2E1807BC00E14BC6 /* Build configuration list for PBXNativeTarget "GeminiForMac" */;
			buildPhases = (
				0C8C51D72E1807BA00E14BC6 /* Sources */,
				0C8C51D82E1807BA00E14BC6 /* Frameworks */,
				0C8C51D92E1807BA00E14BC6 /* Resources */,
			);
			buildRules = (
			);
			dependencies = (
			);
			fileSystemSynchronizedGroups = (
				0C8C51DD2E1807BA00E14BC6 /* GeminiForMac */,
			);
			name = GeminiForMac;
			packageProductDependencies = (
				0C2CEA632E1E973C005357AD /* Factory */,
			);
			productName = GeminiForMac;
			productReference = 0C8C51DB2E1807BA00E14BC6 /* GeminiForMac.app */;
			productType = "com.apple.product-type.application";
		};
		0C8C51EA2E1807BC00E14BC6 /* GeminiForMacTests */ = {
			isa = PBXNativeTarget;
			buildConfigurationList = 0C8C52022E1807BC00E14BC6 /* Build configuration list for PBXNativeTarget "GeminiForMacTests" */;
			buildPhases = (
				0C8C51E72E1807BC00E14BC6 /* Sources */,
				0C8C51E82E1807BC00E14BC6 /* Frameworks */,
				0C8C51E92E1807BC00E14BC6 /* Resources */,
			);
			buildRules = (
			);
			dependencies = (
				0C8C51ED2E1807BC00E14BC6 /* PBXTargetDependency */,
			);
			fileSystemSynchronizedGroups = (
				0C8C51EE2E1807BC00E14BC6 /* GeminiForMacTests */,
			);
			name = GeminiForMacTests;
			packageProductDependencies = (
			);
			productName = GeminiForMacTests;
			productReference = 0C8C51EB2E1807BC00E14BC6 /* GeminiForMacTests.xctest */;
			productType = "com.apple.product-type.bundle.unit-test";
		};
		0C8C51F42E1807BC00E14BC6 /* GeminiForMacUITests */ = {
			isa = PBXNativeTarget;
			buildConfigurationList = 0C8C52052E1807BC00E14BC6 /* Build configuration list for PBXNativeTarget "GeminiForMacUITests" */;
			buildPhases = (
				0C8C51F12E1807BC00E14BC6 /* Sources */,
				0C8C51F22E1807BC00E14BC6 /* Frameworks */,
				0C8C51F32E1807BC00E14BC6 /* Resources */,
			);
			buildRules = (
			);
			dependencies = (
				0C8C51F72E1807BC00E14BC6 /* PBXTargetDependency */,
			);
			fileSystemSynchronizedGroups = (
				0C8C51F82E1807BC00E14BC6 /* GeminiForMacUITests */,
			);
			name = GeminiForMacUITests;
			packageProductDependencies = (
			);
			productName = GeminiForMacUITests;
			productReference = 0C8C51F52E1807BC00E14BC6 /* GeminiForMacUITests.xctest */;
			productType = "com.apple.product-type.bundle.ui-testing";
		};
/* End PBXNativeTarget section */

/* Begin PBXProject section */
		0C8C51D32E1807BA00E14BC6 /* Project object */ = {
			isa = PBXProject;
			attributes = {
				BuildIndependentTargetsInParallel = 1;
				LastSwiftUpdateCheck = 1640;
				LastUpgradeCheck = 1640;
				TargetAttributes = {
					0C8C51DA2E1807BA00E14BC6 = {
						CreatedOnToolsVersion = 16.4;
					};
					0C8C51EA2E1807BC00E14BC6 = {
						CreatedOnToolsVersion = 16.4;
						TestTargetID = 0C8C51DA2E1807BA00E14BC6;
					};
					0C8C51F42E1807BC00E14BC6 = {
						CreatedOnToolsVersion = 16.4;
						TestTargetID = 0C8C51DA2E1807BA00E14BC6;
					};
				};
			};
			buildConfigurationList = 0C8C51D62E1807BA00E14BC6 /* Build configuration list for PBXProject "GeminiForMac" */;
			developmentRegion = en;
			hasScannedForEncodings = 0;
			knownRegions = (
				en,
				Base,
			);
			mainGroup = 0C8C51D22E1807BA00E14BC6;
			minimizedProjectReferenceProxies = 1;
			packageReferences = (
				0C2CEA622E1E973C005357AD /* XCRemoteSwiftPackageReference "Factory" */,
			);
			preferredProjectObjectVersion = 77;
			productRefGroup = 0C8C51DC2E1807BA00E14BC6 /* Products */;
			projectDirPath = "";
			projectRoot = "";
			targets = (
				0C8C51DA2E1807BA00E14BC6 /* GeminiForMac */,
				0C8C51EA2E1807BC00E14BC6 /* GeminiForMacTests */,
				0C8C51F42E1807BC00E14BC6 /* GeminiForMacUITests */,
			);
		};
/* End PBXProject section */

/* Begin PBXResourcesBuildPhase section */
		0C8C51D92E1807BA00E14BC6 /* Resources */ = {
			isa = PBXResourcesBuildPhase;
			buildActionMask = 2147483647;
			files = (
			);
			runOnlyForDeploymentPostprocessing = 0;
		};
		0C8C51E92E1807BC00E14BC6 /* Resources */ = {
			isa = PBXResourcesBuildPhase;
			buildActionMask = 2147483647;
			files = (
			);
			runOnlyForDeploymentPostprocessing = 0;
		};
		0C8C51F32E1807BC00E14BC6 /* Resources */ = {
			isa = PBXResourcesBuildPhase;
			buildActionMask = 2147483647;
			files = (
			);
			runOnlyForDeploymentPostprocessing = 0;
		};
/* End PBXResourcesBuildPhase section */

/* Begin PBXSourcesBuildPhase section */
		0C8C51D72E1807BA00E14BC6 /* Sources */ = {
			isa = PBXSourcesBuildPhase;
			buildActionMask = 2147483647;
			files = (
			);
			runOnlyForDeploymentPostprocessing = 0;
		};
		0C8C51E72E1807BC00E14BC6 /* Sources */ = {
			isa = PBXSourcesBuildPhase;
			buildActionMask = 2147483647;
			files = (
			);
			runOnlyForDeploymentPostprocessing = 0;
		};
		0C8C51F12E1807BC00E14BC6 /* Sources */ = {
			isa = PBXSourcesBuildPhase;
			buildActionMask = 2147483647;
			files = (
			);
			runOnlyForDeploymentPostprocessing = 0;
		};
/* End PBXSourcesBuildPhase section */

/* Begin PBXTargetDependency section */
		0C8C51ED2E1807BC00E14BC6 /* PBXTargetDependency */ = {
			isa = PBXTargetDependency;
			target = 0C8C51DA2E1807BA00E14BC6 /* GeminiForMac */;
			targetProxy = 0C8C51EC2E1807BC00E14BC6 /* PBXContainerItemProxy */;
		};
		0C8C51F72E1807BC00E14BC6 /* PBXTargetDependency */ = {
			isa = PBXTargetDependency;
			target = 0C8C51DA2E1807BA00E14BC6 /* GeminiForMac */;
			targetProxy = 0C8C51F62E1807BC00E14BC6 /* PBXContainerItemProxy */;
		};
/* End PBXTargetDependency section */

/* Begin XCBuildConfiguration section */
		0C8C51FD2E1807BC00E14BC6 /* Debug */ = {
			isa = XCBuildConfiguration;
			buildSettings = {
				ALWAYS_SEARCH_USER_PATHS = NO;
				ASSETCATALOG_COMPILER_GENERATE_SWIFT_ASSET_SYMBOL_EXTENSIONS = YES;
				CLANG_ANALYZER_NONNULL = YES;
				CLANG_ANALYZER_NUMBER_OBJECT_CONVERSION = YES_AGGRESSIVE;
				CLANG_CXX_LANGUAGE_STANDARD = "gnu++20";
				CLANG_ENABLE_MODULES = YES;
				CLANG_ENABLE_OBJC_ARC = YES;
				CLANG_ENABLE_OBJC_WEAK = YES;
				CLANG_WARN_BLOCK_CAPTURE_AUTORELEASING = YES;
				CLANG_WARN_BOOL_CONVERSION = YES;
				CLANG_WARN_COMMA = YES;
				CLANG_WARN_CONSTANT_CONVERSION = YES;
				CLANG_WARN_DEPRECATED_OBJC_IMPLEMENTATIONS = YES;
				CLANG_WARN_DIRECT_OBJC_ISA_USAGE = YES_ERROR;
				CLANG_WARN_DOCUMENTATION_COMMENTS = YES;
				CLANG_WARN_EMPTY_BODY = YES;
				CLANG_WARN_ENUM_CONVERSION = YES;
				CLANG_WARN_INFINITE_RECURSION = YES;
				CLANG_WARN_INT_CONVERSION = YES;
				CLANG_WARN_NON_LITERAL_NULL_CONVERSION = YES;
				CLANG_WARN_OBJC_IMPLICIT_RETAIN_SELF = YES;
				CLANG_WARN_OBJC_LITERAL_CONVERSION = YES;
				CLANG_WARN_OBJC_ROOT_CLASS = YES_ERROR;
				CLANG_WARN_QUOTED_INCLUDE_IN_FRAMEWORK_HEADER = YES;
				CLANG_WARN_RANGE_LOOP_ANALYSIS = YES;
				CLANG_WARN_STRICT_PROTOTYPES = YES;
				CLANG_WARN_SUSPICIOUS_MOVE = YES;
				CLANG_WARN_UNGUARDED_AVAILABILITY = YES_AGGRESSIVE;
				CLANG_WARN_UNREACHABLE_CODE = YES;
				CLANG_WARN__DUPLICATE_METHOD_MATCH = YES;
				COPY_PHASE_STRIP = NO;
				DEBUG_INFORMATION_FORMAT = dwarf;
				DEVELOPMENT_TEAM = U5N2L989V7;
				ENABLE_STRICT_OBJC_MSGSEND = YES;
				ENABLE_TESTABILITY = YES;
				ENABLE_USER_SCRIPT_SANDBOXING = YES;
				GCC_C_LANGUAGE_STANDARD = gnu17;
				GCC_DYNAMIC_NO_PIC = NO;
				GCC_NO_COMMON_BLOCKS = YES;
				GCC_OPTIMIZATION_LEVEL = 0;
				GCC_PREPROCESSOR_DEFINITIONS = (
					"DEBUG=1",
					"$(inherited)",
				);
				GCC_WARN_64_TO_32_BIT_CONVERSION = YES;
				GCC_WARN_ABOUT_RETURN_TYPE = YES_ERROR;
				GCC_WARN_UNDECLARED_SELECTOR = YES;
				GCC_WARN_UNINITIALIZED_AUTOS = YES_AGGRESSIVE;
				GCC_WARN_UNUSED_FUNCTION = YES;
				GCC_WARN_UNUSED_VARIABLE = YES;
				LOCALIZATION_PREFERS_STRING_CATALOGS = YES;
				MACOSX_DEPLOYMENT_TARGET = 15.5;
				MTL_ENABLE_DEBUG_INFO = INCLUDE_SOURCE;
				MTL_FAST_MATH = YES;
				ONLY_ACTIVE_ARCH = YES;
				SDKROOT = macosx;
				SWIFT_ACTIVE_COMPILATION_CONDITIONS = "DEBUG $(inherited)";
				SWIFT_OPTIMIZATION_LEVEL = "-Onone";
				SWIFT_VERSION = 6.0;
			};
			name = Debug;
		};
		0C8C51FE2E1807BC00E14BC6 /* Release */ = {
			isa = XCBuildConfiguration;
			buildSettings = {
				ALWAYS_SEARCH_USER_PATHS = NO;
				ASSETCATALOG_COMPILER_GENERATE_SWIFT_ASSET_SYMBOL_EXTENSIONS = YES;
				CLANG_ANALYZER_NONNULL = YES;
				CLANG_ANALYZER_NUMBER_OBJECT_CONVERSION = YES_AGGRESSIVE;
				CLANG_CXX_LANGUAGE_STANDARD = "gnu++20";
				CLANG_ENABLE_MODULES = YES;
				CLANG_ENABLE_OBJC_ARC = YES;
				CLANG_ENABLE_OBJC_WEAK = YES;
				CLANG_WARN_BLOCK_CAPTURE_AUTORELEASING = YES;
				CLANG_WARN_BOOL_CONVERSION = YES;
				CLANG_WARN_COMMA = YES;
				CLANG_WARN_CONSTANT_CONVERSION = YES;
				CLANG_WARN_DEPRECATED_OBJC_IMPLEMENTATIONS = YES;
				CLANG_WARN_DIRECT_OBJC_ISA_USAGE = YES_ERROR;
				CLANG_WARN_DOCUMENTATION_COMMENTS = YES;
				CLANG_WARN_EMPTY_BODY = YES;
				CLANG_WARN_ENUM_CONVERSION = YES;
				CLANG_WARN_INFINITE_RECURSION = YES;
				CLANG_WARN_INT_CONVERSION = YES;
				CLANG_WARN_NON_LITERAL_NULL_CONVERSION = YES;
				CLANG_WARN_OBJC_IMPLICIT_RETAIN_SELF = YES;
				CLANG_WARN_OBJC_LITERAL_CONVERSION = YES;
				CLANG_WARN_OBJC_ROOT_CLASS = YES_ERROR;
				CLANG_WARN_QUOTED_INCLUDE_IN_FRAMEWORK_HEADER = YES;
				CLANG_WARN_RANGE_LOOP_ANALYSIS = YES;
				CLANG_WARN_STRICT_PROTOTYPES = YES;
				CLANG_WARN_SUSPICIOUS_MOVE = YES;
				CLANG_WARN_UNGUARDED_AVAILABILITY = YES_AGGRESSIVE;
				CLANG_WARN_UNREACHABLE_CODE = YES;
				CLANG_WARN__DUPLICATE_METHOD_MATCH = YES;
				COPY_PHASE_STRIP = NO;
				DEBUG_INFORMATION_FORMAT = "dwarf-with-dsym";
				DEVELOPMENT_TEAM = U5N2L989V7;
				ENABLE_NS_ASSERTIONS = NO;
				ENABLE_STRICT_OBJC_MSGSEND = YES;
				ENABLE_USER_SCRIPT_SANDBOXING = YES;
				GCC_C_LANGUAGE_STANDARD = gnu17;
				GCC_NO_COMMON_BLOCKS = YES;
				GCC_WARN_64_TO_32_BIT_CONVERSION = YES;
				GCC_WARN_ABOUT_RETURN_TYPE = YES_ERROR;
				GCC_WARN_UNDECLARED_SELECTOR = YES;
				GCC_WARN_UNINITIALIZED_AUTOS = YES_AGGRESSIVE;
				GCC_WARN_UNUSED_FUNCTION = YES;
				GCC_WARN_UNUSED_VARIABLE = YES;
				LOCALIZATION_PREFERS_STRING_CATALOGS = YES;
				MACOSX_DEPLOYMENT_TARGET = 15.5;
				MTL_ENABLE_DEBUG_INFO = NO;
				MTL_FAST_MATH = YES;
				SDKROOT = macosx;
				SWIFT_COMPILATION_MODE = wholemodule;
				SWIFT_VERSION = 6.0;
			};
			name = Release;
		};
		0C8C52002E1807BC00E14BC6 /* Debug */ = {
			isa = XCBuildConfiguration;
			buildSettings = {
				ASSETCATALOG_COMPILER_APPICON_NAME = AppIcon;
				ASSETCATALOG_COMPILER_GLOBAL_ACCENT_COLOR_NAME = AccentColor;
				CODE_SIGN_ENTITLEMENTS = GeminiForMac/GeminiForMac.entitlements;
				CODE_SIGN_STYLE = Automatic;
				COMBINE_HIDPI_IMAGES = YES;
				CURRENT_PROJECT_VERSION = 1;
				DEVELOPMENT_TEAM = U5N2L989V7;
				ENABLE_HARDENED_RUNTIME = YES;
				ENABLE_PREVIEWS = YES;
				GENERATE_INFOPLIST_FILE = YES;
				INFOPLIST_KEY_NSHumanReadableCopyright = "";
				LD_RUNPATH_SEARCH_PATHS = (
					"$(inherited)",
					"@executable_path/../Frameworks",
				);
				MACOSX_DEPLOYMENT_TARGET = 14.0;
				MARKETING_VERSION = 1.0;
				PRODUCT_BUNDLE_IDENTIFIER = com.lujiji.GeminiForMac;
				PRODUCT_NAME = "$(TARGET_NAME)";
				REGISTER_APP_GROUPS = YES;
				SWIFT_EMIT_LOC_STRINGS = YES;
				SWIFT_VERSION = 6.0;
			};
			name = Debug;
		};
		0C8C52012E1807BC00E14BC6 /* Release */ = {
			isa = XCBuildConfiguration;
			buildSettings = {
				ASSETCATALOG_COMPILER_APPICON_NAME = AppIcon;
				ASSETCATALOG_COMPILER_GLOBAL_ACCENT_COLOR_NAME = AccentColor;
				CODE_SIGN_ENTITLEMENTS = GeminiForMac/GeminiForMac.entitlements;
				CODE_SIGN_STYLE = Automatic;
				COMBINE_HIDPI_IMAGES = YES;
				CURRENT_PROJECT_VERSION = 1;
				DEVELOPMENT_TEAM = U5N2L989V7;
				ENABLE_HARDENED_RUNTIME = YES;
				ENABLE_PREVIEWS = YES;
				GENERATE_INFOPLIST_FILE = YES;
				INFOPLIST_KEY_NSHumanReadableCopyright = "";
				LD_RUNPATH_SEARCH_PATHS = (
					"$(inherited)",
					"@executable_path/../Frameworks",
				);
				MACOSX_DEPLOYMENT_TARGET = 14.0;
				MARKETING_VERSION = 1.0;
				PRODUCT_BUNDLE_IDENTIFIER = com.lujiji.GeminiForMac;
				PRODUCT_NAME = "$(TARGET_NAME)";
				REGISTER_APP_GROUPS = YES;
				SWIFT_EMIT_LOC_STRINGS = YES;
				SWIFT_VERSION = 6.0;
			};
			name = Release;
		};
		0C8C52032E1807BC00E14BC6 /* Debug */ = {
			isa = XCBuildConfiguration;
			buildSettings = {
				BUNDLE_LOADER = "$(TEST_HOST)";
				CODE_SIGN_STYLE = Automatic;
				CURRENT_PROJECT_VERSION = 1;
				DEVELOPMENT_TEAM = U5N2L989V7;
				GENERATE_INFOPLIST_FILE = YES;
				MACOSX_DEPLOYMENT_TARGET = 14.0;
				MARKETING_VERSION = 1.0;
				PRODUCT_BUNDLE_IDENTIFIER = com.lujiji.GeminiForMacTests;
				PRODUCT_NAME = "$(TARGET_NAME)";
				SWIFT_EMIT_LOC_STRINGS = NO;
				SWIFT_VERSION = 6.0;
				TEST_HOST = "$(BUILT_PRODUCTS_DIR)/GeminiForMac.app/$(BUNDLE_EXECUTABLE_FOLDER_PATH)/GeminiForMac";
			};
			name = Debug;
		};
		0C8C52042E1807BC00E14BC6 /* Release */ = {
			isa = XCBuildConfiguration;
			buildSettings = {
				BUNDLE_LOADER = "$(TEST_HOST)";
				CODE_SIGN_STYLE = Automatic;
				CURRENT_PROJECT_VERSION = 1;
				DEVELOPMENT_TEAM = U5N2L989V7;
				GENERATE_INFOPLIST_FILE = YES;
				MACOSX_DEPLOYMENT_TARGET = 14.0;
				MARKETING_VERSION = 1.0;
				PRODUCT_BUNDLE_IDENTIFIER = com.lujiji.GeminiForMacTests;
				PRODUCT_NAME = "$(TARGET_NAME)";
				SWIFT_EMIT_LOC_STRINGS = NO;
				SWIFT_VERSION = 6.0;
				TEST_HOST = "$(BUILT_PRODUCTS_DIR)/GeminiForMac.app/$(BUNDLE_EXECUTABLE_FOLDER_PATH)/GeminiForMac";
			};
			name = Release;
		};
		0C8C52062E1807BC00E14BC6 /* Debug */ = {
			isa = XCBuildConfiguration;
			buildSettings = {
				CODE_SIGN_STYLE = Automatic;
				CURRENT_PROJECT_VERSION = 1;
				DEVELOPMENT_TEAM = U5N2L989V7;
				GENERATE_INFOPLIST_FILE = YES;
				MARKETING_VERSION = 1.0;
				PRODUCT_BUNDLE_IDENTIFIER = com.lujiji.GeminiForMacUITests;
				PRODUCT_NAME = "$(TARGET_NAME)";
				SWIFT_EMIT_LOC_STRINGS = NO;
				SWIFT_VERSION = 6.0;
				TEST_TARGET_NAME = GeminiForMac;
			};
			name = Debug;
		};
		0C8C52072E1807BC00E14BC6 /* Release */ = {
			isa = XCBuildConfiguration;
			buildSettings = {
				CODE_SIGN_STYLE = Automatic;
				CURRENT_PROJECT_VERSION = 1;
				DEVELOPMENT_TEAM = U5N2L989V7;
				GENERATE_INFOPLIST_FILE = YES;
				MARKETING_VERSION = 1.0;
				PRODUCT_BUNDLE_IDENTIFIER = com.lujiji.GeminiForMacUITests;
				PRODUCT_NAME = "$(TARGET_NAME)";
				SWIFT_EMIT_LOC_STRINGS = NO;
				SWIFT_VERSION = 6.0;
				TEST_TARGET_NAME = GeminiForMac;
			};
			name = Release;
		};
/* End XCBuildConfiguration section */

/* Begin XCConfigurationList section */
		0C8C51D62E1807BA00E14BC6 /* Build configuration list for PBXProject "GeminiForMac" */ = {
			isa = XCConfigurationList;
			buildConfigurations = (
				0C8C51FD2E1807BC00E14BC6 /* Debug */,
				0C8C51FE2E1807BC00E14BC6 /* Release */,
			);
			defaultConfigurationIsVisible = 0;
			defaultConfigurationName = Release;
		};
		0C8C51FF2E1807BC00E14BC6 /* Build configuration list for PBXNativeTarget "GeminiForMac" */ = {
			isa = XCConfigurationList;
			buildConfigurations = (
				0C8C52002E1807BC00E14BC6 /* Debug */,
				0C8C52012E1807BC00E14BC6 /* Release */,
			);
			defaultConfigurationIsVisible = 0;
			defaultConfigurationName = Release;
		};
		0C8C52022E1807BC00E14BC6 /* Build configuration list for PBXNativeTarget "GeminiForMacTests" */ = {
			isa = XCConfigurationList;
			buildConfigurations = (
				0C8C52032E1807BC00E14BC6 /* Debug */,
				0C8C52042E1807BC00E14BC6 /* Release */,
			);
			defaultConfigurationIsVisible = 0;
			defaultConfigurationName = Release;
		};
		0C8C52052E1807BC00E14BC6 /* Build configuration list for PBXNativeTarget "GeminiForMacUITests" */ = {
			isa = XCConfigurationList;
			buildConfigurations = (
				0C8C52062E1807BC00E14BC6 /* Debug */,
				0C8C52072E1807BC00E14BC6 /* Release */,
			);
			defaultConfigurationIsVisible = 0;
			defaultConfigurationName = Release;
		};
/* End XCConfigurationList section */

/* Begin XCRemoteSwiftPackageReference section */
		0C2CEA622E1E973C005357AD /* XCRemoteSwiftPackageReference "Factory" */ = {
			isa = XCRemoteSwiftPackageReference;
			repositoryURL = "https://github.com/hmlongco/Factory.git";
			requirement = {
				kind = upToNextMajorVersion;
				minimumVersion = 2.5.3;
			};
		};
/* End XCRemoteSwiftPackageReference section */

/* Begin XCSwiftPackageProductDependency section */
		0C2CEA632E1E973C005357AD /* Factory */ = {
			isa = XCSwiftPackageProductDependency;
			package = 0C2CEA622E1E973C005357AD /* XCRemoteSwiftPackageReference "Factory" */;
			productName = Factory;
		};
/* End XCSwiftPackageProductDependency section */
	};
	rootObject = 0C8C51D32E1807BA00E14BC6 /* Project object */;
}
